# THIS IS AN AUTOGENERATED FILE. DO NOT EDIT THIS FILE DIRECTLY.
# yarn lockfile v1


rxjs@^7.3.0:
  version "7.3.0"
  resolved "https://registry.nlark.com/rxjs/download/rxjs-7.3.0.tgz#39fe4f3461dc1e50be1475b2b85a0a88c1e938c6"
  integrity sha1-Of5PNGHcHlC+FHWyuFoKiMHpOMY=
  dependencies:
    tslib "~2.1.0"

tslib@~2.1.0:
  version "2.1.0"
  resolved "https://registry.nlark.com/tslib/download/tslib-2.1.0.tgz?cache=0&other_urls=https%3A%2F%2Fregistry.nlark.com%2Ftslib%2Fdownload%2Ftslib-2.1.0.tgz#da60860f1c2ecaa5703ab7d39bc05b6bf988b97a"
  integrity sha1-2mCGDxwuyqVwOrfTm8Bba/mIuXo=
